
Microsoft Visual Studio Solution File, Format Version 12.00
# Visual Studio Version 16
VisualStudioVersion = 16.0.31019.35
MinimumVisualStudioVersion = 10.0.40219.1
Project("{9A19103F-16F7-4668-BE54-9A1E7A4F7556}") = "Lexical_analizer", "Lexical_analizer\Lexical_analizer.csproj", "{B5E2AF66-2D4D-4A49-975E-B22070282B14}"
EndProject
Project("{FAE04EC0-301F-11D3-BF4B-00C04F79EFBC}") = "UnitTestProject2", "UnitTestProject2\UnitTestProject2.csproj", "{BA5BA680-2C8B-420D-8356-4917571C40CE}"
EndProject
Global
	GlobalSection(SolutionConfigurationPlatforms) = preSolution
		Debug|Any CPU = Debug|Any CPU
		Release|Any CPU = Release|Any CPU
	EndGlobalSection
	GlobalSection(ProjectConfigurationPlatforms) = postSolution
		{B5E2AF66-2D4D-4A49-975E-B22070282B14}.Debug|Any CPU.ActiveCfg = Debug|Any CPU
		{B5E2AF66-2D4D-4A49-975E-B22070282B14}.Debug|Any CPU.Build.0 = Debug|Any CPU
		{B5E2AF66-2D4D-4A49-975E-B22070282B14}.Release|Any CPU.ActiveCfg = Release|Any CPU
		{B5E2AF66-2D4D-4A49-975E-B22070282B14}.Release|Any CPU.Build.0 = Release|Any CPU
		{BA5BA680-2C8B-420D-8356-4917571C40CE}.Debug|Any CPU.ActiveCfg = Debug|Any CPU
		{BA5BA680-2C8B-420D-8356-4917571C40CE}.Debug|Any CPU.Build.0 = Debug|Any CPU
		{BA5BA680-2C8B-420D-8356-4917571C40CE}.Release|Any CPU.ActiveCfg = Release|Any CPU
		{BA5BA680-2C8B-420D-8356-4917571C40CE}.Release|Any CPU.Build.0 = Release|Any CPU
	EndGlobalSection
	GlobalSection(SolutionProperties) = preSolution
		HideSolutionNode = FALSE
	EndGlobalSection
	GlobalSection(ExtensibilityGlobals) = postSolution
		SolutionGuid = {5B6BD670-DAF3-423E-9629-5A76A3CF6FF4}
	EndGlobalSection
EndGlobal
